
Microsoft Visual Studio Solution File, Format Version 12.00
# Visual Studio Version 17
VisualStudioVersion = 17.7.34202.233
MinimumVisualStudioVersion = 10.0.40219.1
Project("{9A19103F-16F7-4668-BE54-9A1E7A4F7556}") = "pedir_datos", "pedir_datos.csproj", "{4F2BE39E-4DA8-4930-B40E-FA9D373EC319}"
EndProject
Project("{9A19103F-16F7-4668-BE54-9A1E7A4F7556}") = "Actividad_para_ahora", "..\Actividad_para_ahora\Actividad_para_ahora.csproj", "{EB420EC3-A710-4D74-B7E3-6A07BA8C8E8D}"
EndProject
Global
	GlobalSection(SolutionConfigurationPlatforms) = preSolution
		Debug|Any CPU = Debug|Any CPU
		Release|Any CPU = Release|Any CPU
	EndGlobalSection
	GlobalSection(ProjectConfigurationPlatforms) = postSolution
		{4F2BE39E-4DA8-4930-B40E-FA9D373EC319}.Debug|Any CPU.ActiveCfg = Debug|Any CPU
		{4F2BE39E-4DA8-4930-B40E-FA9D373EC319}.Debug|Any CPU.Build.0 = Debug|Any CPU
		{4F2BE39E-4DA8-4930-B40E-FA9D373EC319}.Release|Any CPU.ActiveCfg = Release|Any CPU
		{4F2BE39E-4DA8-4930-B40E-FA9D373EC319}.Release|Any CPU.Build.0 = Release|Any CPU
		{EB420EC3-A710-4D74-B7E3-6A07BA8C8E8D}.Debug|Any CPU.ActiveCfg = Debug|Any CPU
		{EB420EC3-A710-4D74-B7E3-6A07BA8C8E8D}.Debug|Any CPU.Build.0 = Debug|Any CPU
		{EB420EC3-A710-4D74-B7E3-6A07BA8C8E8D}.Release|Any CPU.ActiveCfg = Release|Any CPU
		{EB420EC3-A710-4D74-B7E3-6A07BA8C8E8D}.Release|Any CPU.Build.0 = Release|Any CPU
	EndGlobalSection
	GlobalSection(SolutionProperties) = preSolution
		HideSolutionNode = FALSE
	EndGlobalSection
	GlobalSection(ExtensibilityGlobals) = postSolution
		SolutionGuid = {DF59116C-C986-4BB0-9168-78984F7A2720}
	EndGlobalSection
EndGlobal
